
Microsoft Visual Studio Solution File, Format Version 12.00
# Visual Studio 15
VisualStudioVersion = 15.0.28307.1062
MinimumVisualStudioVersion = 10.0.40219.1
Project("{FAE04EC0-301F-11D3-BF4B-00C04F79EFBC}") = "Robotik", "Robotik\Robotik.csproj", "{C75370F6-AC57-442A-8112-58E77755E924}"
EndProject
Project("{FAE04EC0-301F-11D3-BF4B-00C04F79EFBC}") = "Entity", "Entity\Entity.csproj", "{913FB2D6-49F2-4420-AB2F-CD541B2C10AE}"
EndProject
Project("{FAE04EC0-301F-11D3-BF4B-00C04F79EFBC}") = "Utility", "Utility\Utility.csproj", "{AAA234F4-6791-407F-BC97-6B1B38B4DE97}"
EndProject
Global
	GlobalSection(SolutionConfigurationPlatforms) = preSolution
		Debug|Any CPU = Debug|Any CPU
		Release|Any CPU = Release|Any CPU
	EndGlobalSection
	GlobalSection(ProjectConfigurationPlatforms) = postSolution
		{C75370F6-AC57-442A-8112-58E77755E924}.Debug|Any CPU.ActiveCfg = Debug|Any CPU
		{C75370F6-AC57-442A-8112-58E77755E924}.Debug|Any CPU.Build.0 = Debug|Any CPU
		{C75370F6-AC57-442A-8112-58E77755E924}.Release|Any CPU.ActiveCfg = Release|Any CPU
		{C75370F6-AC57-442A-8112-58E77755E924}.Release|Any CPU.Build.0 = Release|Any CPU
		{913FB2D6-49F2-4420-AB2F-CD541B2C10AE}.Debug|Any CPU.ActiveCfg = Debug|Any CPU
		{913FB2D6-49F2-4420-AB2F-CD541B2C10AE}.Debug|Any CPU.Build.0 = Debug|Any CPU
		{913FB2D6-49F2-4420-AB2F-CD541B2C10AE}.Release|Any CPU.ActiveCfg = Release|Any CPU
		{913FB2D6-49F2-4420-AB2F-CD541B2C10AE}.Release|Any CPU.Build.0 = Release|Any CPU
		{AAA234F4-6791-407F-BC97-6B1B38B4DE97}.Debug|Any CPU.ActiveCfg = Debug|Any CPU
		{AAA234F4-6791-407F-BC97-6B1B38B4DE97}.Debug|Any CPU.Build.0 = Debug|Any CPU
		{AAA234F4-6791-407F-BC97-6B1B38B4DE97}.Release|Any CPU.ActiveCfg = Release|Any CPU
		{AAA234F4-6791-407F-BC97-6B1B38B4DE97}.Release|Any CPU.Build.0 = Release|Any CPU
	EndGlobalSection
	GlobalSection(SolutionProperties) = preSolution
		HideSolutionNode = FALSE
	EndGlobalSection
	GlobalSection(ExtensibilityGlobals) = postSolution
		SolutionGuid = {F4C0BCA7-BD38-4704-9C34-3E37D7CC43AA}
	EndGlobalSection
EndGlobal
